
Microsoft Visual Studio Solution File, Format Version 12.00
# Visual Studio 15
VisualStudioVersion = 15.0.26730.15
MinimumVisualStudioVersion = 10.0.40219.1
Project("{FAE04EC0-301F-11D3-BF4B-00C04F79EFBC}") = "SETVRename", "SETVRename\SETVRename.csproj", "{285F5874-1630-4A38-A427-393CC31EF0DD}"
EndProject
Global
	GlobalSection(SolutionConfigurationPlatforms) = preSolution
		Debug|Any CPU = Debug|Any CPU
		Release|Any CPU = Release|Any CPU
	EndGlobalSection
	GlobalSection(ProjectConfigurationPlatforms) = postSolution
		{285F5874-1630-4A38-A427-393CC31EF0DD}.Debug|Any CPU.ActiveCfg = Debug|Any CPU
		{285F5874-1630-4A38-A427-393CC31EF0DD}.Debug|Any CPU.Build.0 = Debug|Any CPU
		{285F5874-1630-4A38-A427-393CC31EF0DD}.Release|Any CPU.ActiveCfg = Release|Any CPU
		{285F5874-1630-4A38-A427-393CC31EF0DD}.Release|Any CPU.Build.0 = Release|Any CPU
	EndGlobalSection
	GlobalSection(SolutionProperties) = preSolution
		HideSolutionNode = FALSE
	EndGlobalSection
	GlobalSection(ExtensibilityGlobals) = postSolution
		SolutionGuid = {68C5897F-5F60-45FF-8E30-854818D648AF}
	EndGlobalSection
EndGlobal
